lockfileVersion: '9.0'

settings:
  autoInstallPeers: true
  excludeLinksFromLockfile: false

importers:

  .:
    dependencies:
      lilconfig:
        specifier: ^3.1.3
        version: 3.1.3
      picomatch:
        specifier: ^4.0.4
        version: 4.0.4
      tinyexec:
        specifier: ^1.1.2
        version: 1.1.2
      tinyglobby:
        specifier: ^0.2.16
        version: 0.2.16
    devDependencies:
      '@logux/oxc-configs':
        specifier: ^0.4.0
        version: 0.4.0(oxlint-tsgolint@0.23.0)(oxlint@1.66.0(oxlint-tsgolint@0.23.0))(typescript@6.0.3)
      actions-up:
        specifier: ^1.14.1
        version: 1.14.1
      eslint-plugin-prefer-let:
        specifier: ^4.2.2
        version: 4.2.2
      multiocular:
        specifier: ^0.8.3
        version: 0.8.3
      oxlint:
        specifier: ^1.66.0
        version: 1.66.0(oxlint-tsgolint@0.23.0)
      oxlint-tsgolint:
        specifier: ^0.23.0
        version: 0.23.0
      ts-json-schema-generator:
        specifier: ^2.9.0
        version: 2.9.0
      tsx:
        specifier: ^4.22.3
        version: 4.22.3
      typescript:
        specifier: ^6.0.3
        version: 6.0.3
      uvu:
        specifier: ^0.5.6
        version: 0.5.6

packages:

  '@esbuild/aix-ppc64@0.28.0':
    resolution: {integrity: sha512-lhRUCeuOyJQURhTxl4WkpFTjIsbDayJHih5kZC1giwE+MhIzAb7mEsQMqMf18rHLsrb5qI1tafG20mLxEWcWlA==}
    engines: {node: '>=18'}
    cpu: [ppc64]
    os: [aix]

  '@esbuild/android-arm64@0.28.0':
    resolution: {integrity: sha512-+WzIXQOSaGs33tLEgYPYe/yQHf0WTU0X42Jca3y8NWMbUVhp7rUnw+vAsRC/QiDrdD31IszMrZy+qwPOPjd+rw==}
    engines: {node: '>=18'}
    cpu: [arm64]
    os: [android]

  '@esbuild/android-arm@0.28.0':
    resolution: {integrity: sha512-wqh0ByljabXLKHeWXYLqoJ5jKC4XBaw6Hk08OfMrCRd2nP2ZQ5eleDZC41XHyCNgktBGYMbqnrJKq/K/lzPMSQ==}
    engines: {node: '>=18'}
    cpu: [arm]
    os: [android]

  '@esbuild/android-x64@0.28.0':
    resolution: {integrity: sha512-+VJggoaKhk2VNNqVL7f6S189UzShHC/mR9EE8rDdSkdpN0KflSwWY/gWjDrNxxisg8Fp1ZCD9jLMo4m0OUfeUA==}
    engines: {node: '>=18'}
    cpu: [x64]
    os: [android]

  '@esbuild/darwin-arm64@0.28.0':
    resolution: {integrity: sha512-0T+A9WZm+bZ84nZBtk1ckYsOvyA3x7e2Acj1KdVfV4/2tdG4fzUp91YHx+GArWLtwqp77pBXVCPn2We7Letr0Q==}
    engines: {node: '>=18'}
    cpu: [arm64]
    os: [darwin]

  '@esbuild/darwin-x64@0.28.0':
    resolution: {integrity: sha512-fyzLm/DLDl/84OCfp2f/XQ4flmORsjU7VKt8HLjvIXChJoFFOIL6pLJPH4Yhd1n1gGFF9mPwtlN5Wf82DZs+LQ==}
    engines: {node: '>=18'}
    cpu: [x64]
    os: [darwin]

  '@esbuild/freebsd-arm64@0.28.0':
    resolution: {integrity: sha512-l9GeW5UZBT9k9brBYI+0WDffcRxgHQD8ShN2Ur4xWq/NFzUKm3k5lsH4PdaRgb2w7mI9u61nr2gI2mLI27Nh3Q==}
    engines: {node: '>=18'}
    cpu: [arm64]
    os: [freebsd]

  '@esbuild/freebsd-x64@0.28.0':
    resolution: {integrity: sha512-BXoQai/A0wPO6Es3yFJ7APCiKGc1tdAEOgeTNy3SsB491S3aHn4S4r3e976eUnPdU+NbdtmBuLncYir2tMU9Nw==}
    engines: {node: '>=18'}
    cpu: [x64]
    os: [freebsd]

  '@esbuild/linux-arm64@0.28.0':
    resolution: {integrity: sha512-RVyzfb3FWsGA55n6WY0MEIEPURL1FcbhFE6BffZEMEekfCzCIMtB5yyDcFnVbTnwk+CLAgTujmV/Lgvih56W+A==}
    engines: {node: '>=18'}
    cpu: [arm64]
    os: [linux]

  '@esbuild/linux-arm@0.28.0':
    resolution: {integrity: sha512-CjaaREJagqJp7iTaNQjjidaNbCKYcd4IDkzbwwxtSvjI7NZm79qiHc8HqciMddQ6CKvJT6aBd8lO9kN/ZudLlw==}
    engines: {node: '>=18'}
    cpu: [arm]
    os: [linux]

  '@esbuild/linux-ia32@0.28.0':
    resolution: {integrity: sha512-KBnSTt1kxl9x70q+ydterVdl+Cn0H18ngRMRCEQfrbqdUuntQQ0LoMZv47uB97NljZFzY6HcfqEZ2SAyIUTQBQ==}
    engines: {node: '>=18'}
    cpu: [ia32]
    os: [linux]

  '@esbuild/linux-loong64@0.28.0':
    resolution: {integrity: sha512-zpSlUce1mnxzgBADvxKXX5sl8aYQHo2ezvMNI8I0lbblJtp8V4odlm3Yzlj7gPyt3T8ReksE6bK+pT3WD+aJRg==}
    engines: {node: '>=18'}
    cpu: [loong64]
    os: [linux]

  '@esbuild/linux-mips64el@0.28.0':
    resolution: {integrity: sha512-2jIfP6mmjkdmeTlsX/9vmdmhBmKADrWqN7zcdtHIeNSCH1SqIoNI63cYsjQR8J+wGa4Y5izRcSHSm8K3QWmk3w==}
    engines: {node: '>=18'}
    cpu: [mips64el]
    os: [linux]

  '@esbuild/linux-ppc64@0.28.0':
    resolution: {integrity: sha512-bc0FE9wWeC0WBm49IQMPSPILRocGTQt3j5KPCA8os6VprfuJ7KD+5PzESSrJ6GmPIPJK965ZJHTUlSA6GNYEhg==}
    engines: {node: '>=18'}
    cpu: [ppc64]
    os: [linux]

  '@esbuild/linux-riscv64@0.28.0':
    resolution: {integrity: sha512-SQPZOwoTTT/HXFXQJG/vBX8sOFagGqvZyXcgLA3NhIqcBv1BJU1d46c0rGcrij2B56Z2rNiSLaZOYW5cUk7yLQ==}
    engines: {node: '>=18'}
    cpu: [riscv64]
    os: [linux]

  '@esbuild/linux-s390x@0.28.0':
    resolution: {integrity: sha512-SCfR0HN8CEEjnYnySJTd2cw0k9OHB/YFzt5zgJEwa+wL/T/raGWYMBqwDNAC6dqFKmJYZoQBRfHjgwLHGSrn3Q==}
    engines: {node: '>=18'}
    cpu: [s390x]
    os: [linux]

  '@esbuild/linux-x64@0.28.0':
    resolution: {integrity: sha512-us0dSb9iFxIi8srnpl931Nvs65it/Jd2a2K3qs7fz2WfGPHqzfzZTfec7oxZJRNPXPnNYZtanmRc4AL/JwVzHQ==}
    engines: {node: '>=18'}
    cpu: [x64]
    os: [linux]

  '@esbuild/netbsd-arm64@0.28.0':
    resolution: {integrity: sha512-CR/RYotgtCKwtftMwJlUU7xCVNg3lMYZ0RzTmAHSfLCXw3NtZtNpswLEj/Kkf6kEL3Gw+BpOekRX0BYCtklhUw==}
    engines: {node: '>=18'}
    cpu: [arm64]
    os: [netbsd]

  '@esbuild/netbsd-x64@0.28.0':
    resolution: {integrity: sha512-nU1yhmYutL+fQ71Kxnhg8uEOdC0pwEW9entHykTgEbna2pw2dkbFSMeqjjyHZoCmt8SBkOSvV+yNmm94aUrrqw==}
    engines: {node: '>=18'}
    cpu: [x64]
    os: [netbsd]

  '@esbuild/openbsd-arm64@0.28.0':
    resolution: {integrity: sha512-cXb5vApOsRsxsEl4mcZ1XY3D4DzcoMxR/nnc4IyqYs0rTI8ZKmW6kyyg+11Z8yvgMfAEldKzP7AdP64HnSC/6g==}
    engines: {node: '>=18'}
    cpu: [arm64]
    os: [openbsd]

  '@esbuild/openbsd-x64@0.28.0':
    resolution: {integrity: sha512-8wZM2qqtv9UP3mzy7HiGYNH/zjTA355mpeuA+859TyR+e+Tc08IHYpLJuMsfpDJwoLo1ikIJI8jC3GFjnRClzA==}
    engines: {node: '>=18'}
    cpu: [x64]
    os: [openbsd]

  '@esbuild/openharmony-arm64@0.28.0':
    resolution: {integrity: sha512-FLGfyizszcef5C3YtoyQDACyg95+dndv79i2EekILBofh5wpCa1KuBqOWKrEHZg3zrL3t5ouE5jgr94vA+Wb2w==}
    engines: {node: '>=18'}
    cpu: [arm64]
    os: [openharmony]

  '@esbuild/sunos-x64@0.28.0':
    resolution: {integrity: sha512-1ZgjUoEdHZZl/YlV76TSCz9Hqj9h9YmMGAgAPYd+q4SicWNX3G5GCyx9uhQWSLcbvPW8Ni7lj4gDa1T40akdlw==}
    engines: {node: '>=18'}
    cpu: [x64]
    os: [sunos]

  '@esbuild/win32-arm64@0.28.0':
    resolution: {integrity: sha512-Q9StnDmQ/enxnpxCCLSg0oo4+34B9TdXpuyPeTedN/6+iXBJ4J+zwfQI28u/Jl40nOYAxGoNi7mFP40RUtkmUA==}
    engines: {node: '>=18'}
    cpu: [arm64]
    os: [win32]

  '@esbuild/win32-ia32@0.28.0':
    resolution: {integrity: sha512-zF3ag/gfiCe6U2iczcRzSYJKH1DCI+ByzSENHlM2FcDbEeo5Zd2C86Aq0tKUYAJJ1obRP84ymxIAksZUcdztHA==}
    engines: {node: '>=18'}
    cpu: [ia32]
    os: [win32]

  '@esbuild/win32-x64@0.28.0':
    resolution: {integrity: sha512-pEl1bO9mfAmIC+tW5btTmrKaujg3zGtUmWNdCw/xs70FBjwAL3o9OEKNHvNmnyylD6ubxUERiEhdsL0xBQ9efw==}
    engines: {node: '>=18'}
    cpu: [x64]
    os: [win32]

  '@logux/actions@0.5.0':
    resolution: {integrity: sha512-65sgfkuFUzxHqDWSBn2CfNwHrijkoMbFS/LBMeRNtcdMxGRJ4X4mwwwDDdQ/Tci+TNQnfJTAiKCKBIsdiS3VCg==}
    engines: {node: ^20.0.0 || >=22.0.0}
    peerDependencies:
      '@logux/core': ^0.10.0

  '@logux/core@0.10.0':
    resolution: {integrity: sha512-VbgVkEloAe2ym5w0cjyRI16Eeyk2R0BgJa9pMYT1FcJEhFnzrB23E0ExIEhrok0iD48bFh7goledwmDLmgWaiw==}
    engines: {node: ^20.0.0 || >=22.0.0}

  '@logux/oxc-configs@0.4.0':
    resolution: {integrity: sha512-iFwtOJ6b4//hpALzizQckrBwrhhuJ0RIckYvFGJjYodjA1+zJTjmaWKILUmDD6LlqGYGBPQxDfn8pTMx1EM7AA==}
    engines: {node: '>=22.0.0'}
    peerDependencies:
      oxlint: ^1.57.0
      oxlint-tsgolint: '>=0.18.1'
      typescript: ^6.0.2

  '@logux/server@0.14.0':
    resolution: {integrity: sha512-a7KRD30U252cfIekBGktEIRuwFRT7vOPZXkEsD05DwApsPi70iRnFaHEgMde8tZu+jJUuTDN/xMgabtjzHzXaQ==}
    engines: {node: ^20.0.0 || >=22.0.0}

  '@oxlint-tsgolint/darwin-arm64@0.23.0':
    resolution: {integrity: sha512-gOs9PVr2wEg4ox9z0aJo+RKhhImW86YL5N6yav8BK/rgPsIrwN/igSZ+pbRr723NFvUNKde9fgMhRA6JrXAOZw==}
    cpu: [arm64]
    os: [darwin]

  '@oxlint-tsgolint/darwin-x64@0.23.0':
    resolution: {integrity: sha512-kjJ8B+7n4tB9VJdxS5A9GdJt6/bYpzbu4lXp2uO1S3sRmCB5gDEABlGoiePNApRWaW+xqL4b4xgiE727jSLhuA==}
    cpu: [x64]
    os: [darwin]

  '@oxlint-tsgolint/linux-arm64@0.23.0':
    resolution: {integrity: sha512-6dCZuKNu135seMXilkRk9SpCx6i1XgmiipYGalLij5WVRX6ZYS8c4xI7preN/zv9fCXhsQclTIMDu2Y/cytTjw==}
    cpu: [arm64]
    os: [linux]

  '@oxlint-tsgolint/linux-x64@0.23.0':
    resolution: {integrity: sha512-3bdilnyA7kmSTjK27rvjIjSxL5SIg3wt7vwNiRkouWB83ytssyKnuGvxSYJxgMEmFpSutzaBzcCUM2jDtPGcgA==}
    cpu: [x64]
    os: [linux]

  '@oxlint-tsgolint/win32-arm64@0.23.0':
    resolution: {integrity: sha512-j+OEp44SVYiQ+ZD+uttsX7u6L9SvmbbQ77SO1pSFCcJlsVMeCk8qZsjhKfGKuT/jIA+ipOJMVs/+pqUfObBWNw==}
    cpu: [arm64]
    os: [win32]

  '@oxlint-tsgolint/win32-x64@0.23.0':
    resolution: {integrity: sha512-5MyjFuqf+g8OUPJBSGWHJtmoWnzFJYyOg4To9WMQshZYEWig/vtu7JtJ03VWnzHv9LJkAUeApY0gVCOywFR/iQ==}
    cpu: [x64]
    os: [win32]

  '@oxlint/binding-android-arm-eabi@1.66.0':
    resolution: {integrity: sha512-f7kq8N51T4phpzqfBpA2qaVTI/KrkCmNwaj3t/97I/WLTDI+UhlP5GL9eER+zVxBhtlx5rKXWByJU1/zDAvyaw==}
    engines: {node: ^20.19.0 || >=22.12.0}
    cpu: [arm]
    os: [android]

  '@oxlint/binding-android-arm64@1.66.0':
    resolution: {integrity: sha512-xu6QO71tdDS9mjmLZ3AqhtaVHBvdmsOKkYnReNNDgh+XiwnsipeQOIxbiYOOO0iAXycJ+GK0wdMSZP/2j/AmSg==}
    engines: {node: ^20.19.0 || >=22.12.0}
    cpu: [arm64]
    os: [android]

  '@oxlint/binding-darwin-arm64@1.66.0':
    resolution: {integrity: sha512-HZ24VimSOC7mxuEA99e0H2FS0C1yO3+iW13jPRAk+e2njsUs3QeAXsafCDyaIrV/MirdOVez+etQNQsJE43zNQ==}
    engines: {node: ^20.19.0 || >=22.12.0}
    cpu: [arm64]
    os: [darwin]

  '@oxlint/binding-darwin-x64@1.66.0':
    resolution: {integrity: sha512-awhj8ZvJrrRSnXj7V++rpZvTmnl99L6mi0B7gg7Cp7BN6cKpzuI481bHNLvXGA9GB1/oEgA3ponuyoAc6Md12A==}
    engines: {node: ^20.19.0 || >=22.12.0}
    cpu: [x64]
    os: [darwin]

  '@oxlint/binding-freebsd-x64@1.66.0':
    resolution: {integrity: sha512-KQF0oVV21/FjIqkRuL8Q1vh8ECsE5+ocdH5tcqTQ4ZnYuDVoYibQUNfqBjQaUsP6UIIda5Y75Wpm5p4RgQWiWw==}
    engines: {node: ^20.19.0 || >=22.12.0}
    cpu: [x64]
    os: [freebsd]

  '@oxlint/binding-linux-arm-gnueabihf@1.66.0':
    resolution: {integrity: sha512-9u1rgwZSEXWb30vbFZzQ78HVXBo0WCKNwJ3a2InRUTNMRng+PUDIoSFmA+m4HdUfBaIqftShq8J8qHc+eE/Vig==}
    engines: {node: ^20.19.0 || >=22.12.0}
    cpu: [arm]
    os: [linux]

  '@oxlint/binding-linux-arm-musleabihf@1.66.0':
    resolution: {integrity: sha512-Ynot2HR1bHxUaNWoC280MVTDfZuaWuP3XfSMRDhyuZrVjhzoaBCVFlw8h8qeZjWKVUBhPWFIxB7AQTlK8Z2WWg==}
    engines: {node: ^20.19.0 || >=22.12.0}
    cpu: [arm]
    os: [linux]

  '@oxlint/binding-linux-arm64-gnu@1.66.0':
    resolution: {integrity: sha512-xCbgzciGgo+A4aQZEknsNrNiIwY7sU5SfRuMmRjPIvZAgdF34cIHiKvwOsS5XRLjlTVSFwitmq6YclTtHTfU+g==}
    engines: {node: ^20.19.0 || >=22.12.0}
    cpu: [arm64]
    os: [linux]
    libc: [glibc]

  '@oxlint/binding-linux-arm64-musl@1.66.0':
    resolution: {integrity: sha512-hmo+ZB/lHkR1HdDmnziNpzSLmulnUSu10VEqX2Yex7OwvoBAbjJQLvy4gIBRV3AAwWnCvAxKp5Nv1GE6LU1QMg==}
    engines: {node: ^20.19.0 || >=22.12.0}
    cpu: [arm64]
    os: [linux]
    libc: [musl]

  '@oxlint/binding-linux-ppc64-gnu@1.66.0':
    resolution: {integrity: sha512-2Invd4Uyy81mVooQC5FBtfxSNrvcX1OxbMlVQ6M2erRrNI2awFYF26YNW2yFxdVFZ4ffNOWKghtMjhnUPsXsVA==}
    engines: {node: ^20.19.0 || >=22.12.0}
    cpu: [ppc64]
    os: [linux]
    libc: [glibc]

  '@oxlint/binding-linux-riscv64-gnu@1.66.0':
    resolution: {integrity: sha512-s0iXPDQVdgayE3RGa/N2DZF7tjgg0TwEtD1sGoDxqPDGrIXgo45H0yHknT0f9A0yteASsweYZtDyTuVlM4aSag==}
    engines: {node: ^20.19.0 || >=22.12.0}
    cpu: [riscv64]
    os: [linux]
    libc: [glibc]

  '@oxlint/binding-linux-riscv64-musl@1.66.0':
    resolution: {integrity: sha512-OekL4XFiu7RPK0JIZi8VeHgtIXPREf42t8Cy/rKEsC+P3gcqDgNAAGiyuUOpdbG4wwbfue1q4CHcCO7spSve6w==}
    engines: {node: ^20.19.0 || >=22.12.0}
    cpu: [riscv64]
    os: [linux]
    libc: [musl]

  '@oxlint/binding-linux-s390x-gnu@1.66.0':
    resolution: {integrity: sha512-Ga1D0kj1SFslm34ThA/BdkUlyAYEnTsXyRC4pF0C5agZSwtGdHYWMTQWemUfBGp4RCG4QWXgdO+HmmmKqOtlBg==}
    engines: {node: ^20.19.0 || >=22.12.0}
    cpu: [s390x]
    os: [linux]
    libc: [glibc]

  '@oxlint/binding-linux-x64-gnu@1.66.0':
    resolution: {integrity: sha512-p5jfP1wUZe/IC3qpQO84n9DRnf9g3lKRtLBlQq23ykyrDglHcVx7sWmVTlPuU6SBw8mNnPzyOn022G3XZHnlww==}
    engines: {node: ^20.19.0 || >=22.12.0}
    cpu: [x64]
    os: [linux]
    libc: [glibc]

  '@oxlint/binding-linux-x64-musl@1.66.0':
    resolution: {integrity: sha512-vUB/sYlYZorDL1ZD+o9mRv7zbsykrrFRtmgS6R8musZqLtrPRQn1gc1eGpuX+sfdccz42STl/AqldY6XRb2upQ==}
    engines: {node: ^20.19.0 || >=22.12.0}
    cpu: [x64]
    os: [linux]
    libc: [musl]

  '@oxlint/binding-openharmony-arm64@1.66.0':
    resolution: {integrity: sha512-yde+6p/F59xRkGR9H1HfngWRif1QRJjynZK349l+UI0H6w9hL3G8/AVaTHFyTtLVQ56qtNbX2/5Dc77n1ovnOg==}
    engines: {node: ^20.19.0 || >=22.12.0}
    cpu: [arm64]
    os: [openharmony]

  '@oxlint/binding-win32-arm64-msvc@1.66.0':
    resolution: {integrity: sha512-O9GLucgoTdmOrbBX+EjzNe7o/Ze5TFOvXcib6bzUOtBOmj6cV+zw18NgB+cGKAkDw1Pdqs8vGkfHbbsLuDtXWg==}
    engines: {node: ^20.19.0 || >=22.12.0}
    cpu: [arm64]
    os: [win32]

  '@oxlint/binding-win32-ia32-msvc@1.66.0':
    resolution: {integrity: sha512-m3Pjwc2MfTcom4E4gOv7DyuGyt7OfGNCbmqDHd+N7EzXmP+ppHuudm2NjcA3AjV5TSeGxaguVF4SbTKHe1USYA==}
    engines: {node: ^20.19.0 || >=22.12.0}
    cpu: [ia32]
    os: [win32]

  '@oxlint/binding-win32-x64-msvc@1.66.0':
    resolution: {integrity: sha512-/DbBvw8UFBhja6PqudUjV4UtfsJr0Oa7jUjWVKB0g86lj/VwnPrkngn0sFql3c9RDA0O16dh7ozsXb6GjNAzBQ==}
    engines: {node: ^20.19.0 || >=22.12.0}
    cpu: [x64]
    os: [win32]

  '@profoundlogic/hogan@3.0.4':
    resolution: {integrity: sha512-pmNVGuooS30Mm7YbZd5T7E5zYVO6D5Ct91sn4T39mUvMUc3sCGridcnhAufL1/Bz2QzAtzEn0agNrdk3+5yWzw==}
    hasBin: true

  '@types/json-schema@7.0.15':
    resolution: {integrity: sha512-5+fP8P8MFNC+AyZCDxrB2pkZFPGzqQWUzpSeuuVLvm8VMcorNYavBqoFcxK8bQz4Qsbn4oUEEem4wDLfcysGHA==}

  '@types/trusted-types@2.0.7':
    resolution: {integrity: sha512-ScaPdn1dQczgbl0QFTeTOmVHFULt394XJgOQNoyVhZ6r2vLnMLJfBPd53SB52T/3G36VI1/g2MZaX0cwDuXsfw==}

  abbrev@1.1.1:
    resolution: {integrity: sha512-nne9/IiQ/hzIhY6pdDnbBtz7DjPTKrY00P/zvPSm5pOFkl6xuGrGnXn/VtTNNfNtAfZ9/1RtehkszU9qcTii0Q==}

  actions-up@1.14.1:
    resolution: {integrity: sha512-x/AfoJqpumNNEfFLLnzOZ/OxOuiiaEI8xDmNSEwCLJUZFkRZGHkS8OU91WztUh3jp50gvIN74PJDMEJZI4i4xQ==}
    engines: {node: ^18.0.0 || >=20.0.0}
    hasBin: true

  ansi-colors@4.1.3:
    resolution: {integrity: sha512-/6w/C21Pm1A7aZitlI5Ni/2J6FFQN8i1Cvz3kHABAAbw93v/NlvKdVOqz7CCWz/3iv/JplRSEEZ83XION15ovw==}
    engines: {node: '>=6'}

  ansi-regex@5.0.1:
    resolution: {integrity: sha512-quJQXlTSUGL2LH9SUXo8VwsY4soanhgo6LNSm84E1LBcE8s3O0wpdiRzyR9z/ZZJMlMWv37qOOb9pdJlMUEKFQ==}
    engines: {node: '>=8'}

  balanced-match@4.0.4:
    resolution: {integrity: sha512-BLrgEcRTwX2o6gGxGOCNyMvGSp35YofuYzw9h1IMTRmKqttAZZVU67bdb9Pr2vUHA8+j3i2tJfjO6C6+4myGTA==}
    engines: {node: 18 || 20 || >=22}

  brace-expansion@5.0.6:
    resolution: {integrity: sha512-kLpxurY4Z4r9sgMsyG0Z9uzsBlgiU/EFKhj/h91/8yHu0edo7XuixOIH3VcJ8kkxs6/jPzoI6U9Vj3WqbMQ94g==}
    engines: {node: 18 || 20 || >=22}

  cac@7.0.0:
    resolution: {integrity: sha512-tixWYgm5ZoOD+3g6UTea91eow5z6AAHaho3g0V9CNSNb45gM8SmflpAc+GRd1InC4AqN/07Unrgp56Y94N9hJQ==}
    engines: {node: '>=20.19.0'}

  commander@14.0.3:
    resolution: {integrity: sha512-H+y0Jo/T1RZ9qPP4Eh1pkcQcLRglraJaSLoyOtHxu6AapkjWVCy2Sit1QQ4x3Dng8qDlSsZEet7g5Pq06MvTgw==}
    engines: {node: '>=20'}

  cookie@1.1.1:
    resolution: {integrity: sha512-ei8Aos7ja0weRpFzJnEA9UHJ/7XQmqglbRwnf2ATjcB9Wq874VKH9kfjjirM6UhU2/E5fFYadylyhFldcqSidQ==}
    engines: {node: '>=18'}

  dequal@2.0.3:
    resolution: {integrity: sha512-0je+qPKHEMohvfRTCEo3CrPG6cAzAYgmzKyxRiYSSDkS6eGJdyVJm7WaYA5ECaAD9wLB2T4EEeymA5aFVcYXCA==}
    engines: {node: '>=6'}

  diff2html@3.4.56:
    resolution: {integrity: sha512-u9gfn+BlbHcyO7vItCIC4z49LJDUt31tODzOfAuJ5R1E7IdlRL6KjugcB9zOpejD+XiR+dDZbsnHSQ3g6A/u8A==}
    engines: {node: '>=12'}

  diff@5.2.2:
    resolution: {integrity: sha512-vtcDfH3TOjP8UekytvnHH1o1P4FcUdt4eQ1Y+Abap1tk/OB2MWQvcwS2ClCd1zuIhc3JKOx6p3kod8Vfys3E+A==}
    engines: {node: '>=0.3.1'}

  diff@8.0.4:
    resolution: {integrity: sha512-DPi0FmjiSU5EvQV0++GFDOJ9ASQUVFh5kD+OzOnYdi7n3Wpm9hWWGfB/O2blfHcMVTL5WkQXSnRiK9makhrcnw==}
    engines: {node: '>=0.3.1'}

  dompurify@3.4.5:
    resolution: {integrity: sha512-OrwIBKsdNSVEeubdJ1HBv/wNENRM9ytAVCv7YXt//A3vPdVMNuACRqK9mXCGCBW2ln7BT/A4X0jXHo2Gu89miA==}

  enquirer@2.4.1:
    resolution: {integrity: sha512-rRqJg/6gd538VHvR3PSrdRBb/1Vy2YfzHqzvbhGIQpDRKIa4FgV/54b5Q1xYSxOOwKvjXweS26E0Q+nAMwp2pQ==}
    engines: {node: '>=8.6'}

  esbuild@0.28.0:
    resolution: {integrity: sha512-sNR9MHpXSUV/XB4zmsFKN+QgVG82Cc7+/aaxJ8Adi8hyOac+EXptIp45QBPaVyX3N70664wRbTcLTOemCAnyqw==}
    engines: {node: '>=18'}
    hasBin: true

  eslint-plugin-prefer-let@4.2.2:
    resolution: {integrity: sha512-FkCmQwZtc4nf6EKDKEYW/lWtApDXxsJA/VXWQQemLhIWWho676CJdgt53AMubOrSOTzzep0dBMP9zVFCCCdxsw==}
    engines: {node: '>=0.10.0'}

  fastq@1.20.1:
    resolution: {integrity: sha512-GGToxJ/w1x32s/D2EKND7kTil4n8OVk/9mycTc4VDza13lOvpUZTGX3mFSCtV9ksdGBVzvsyAVLM6mHFThxXxw==}

  fdir@6.5.0:
    resolution: {integrity: sha512-tIbYtZbucOs0BRGqPJkshJUYdL+SDH7dVM8gjy+ERp3WAUjLEFJE+02kanyHtwjWOnwrKYBiwAmM0p4kLJAnXg==}
    engines: {node: '>=12.0.0'}
    peerDependencies:
      picomatch: ^3 || ^4
    peerDependenciesMeta:
      picomatch:
        optional: true

  fsevents@2.3.3:
    resolution: {integrity: sha512-5xoDfX+fL7faATnagmWPpbFtwh/R77WmMMqqHGS65C3vvB0YHrgF+B1YmZ3441tMj5n63k0212XNoJwzlhffQw==}
    engines: {node: ^8.16.0 || ^10.6.0 || >=11.0.0}
    os: [darwin]

  glob@13.0.6:
    resolution: {integrity: sha512-Wjlyrolmm8uDpm/ogGyXZXb1Z+Ca2B8NbJwqBVg0axK9GbBeoS7yGV6vjXnYdGm6X53iehEuxxbyiKp8QmN4Vw==}
    engines: {node: 18 || 20 || >=22}

  highlight.js@11.11.1:
    resolution: {integrity: sha512-Xwwo44whKBVCYoliBQwaPvtd/2tYFkRQtXDWj1nackaV2JPXx3L0+Jvd8/qCJ2p+ML0/XVkJ2q+Mr+UVdpJK5w==}
    engines: {node: '>=12.0.0'}

  json5@2.2.3:
    resolution: {integrity: sha512-XmOWe7eyHYH14cLdVPoyg+GOH3rYX++KpzrylJwSW98t3Nk+U8XOl8FWKOgwtzdb8lXGf6zYwDUzeHMWfxasyg==}
    engines: {node: '>=6'}
    hasBin: true

  kleur@4.1.5:
    resolution: {integrity: sha512-o+NO+8WrRiQEE4/7nwRJhN1HWpVmJm511pBHUxPLtp0BUISzlBplORYSmTclCnJvQq2tKu/sgl3xVpkc7ZWuQQ==}
    engines: {node: '>=6'}

  lilconfig@3.1.3:
    resolution: {integrity: sha512-/vlFKAoH5Cgt3Ie+JLhRbwOsCQePABiU3tJ1egGvyQ+33R/vcwM2Zl2QR/LzjsBeItPt3oSVXapn+m4nQDvpzw==}
    engines: {node: '>=14'}

  lru-cache@11.5.0:
    resolution: {integrity: sha512-5YgH9UJd7wVb9hIouI2adWpgqrrICkt070Dnj8EUY1+B4B2P9eRLPAkAAo6NICA7CEhOIeBHl46u9zSNpNu7zA==}
    engines: {node: 20 || >=22}

  marked@18.0.4:
    resolution: {integrity: sha512-c/BTaKzg0G6ezQx97DAkYU7k0HM6ys0FqYeKBL6hlBByZwy+ycA1+f0vDdjMHKKeEjdgkx0GOv9Il6D+85cOqA==}
    engines: {node: '>= 20'}
    hasBin: true

  minimatch@10.2.5:
    resolution: {integrity: sha512-MULkVLfKGYDFYejP07QOurDLLQpcjk7Fw+7jXS2R2czRQzR56yHRveU5NDJEOviH+hETZKSkIk5c+T23GjFUMg==}
    engines: {node: 18 || 20 || >=22}

  minipass@7.1.3:
    resolution: {integrity: sha512-tEBHqDnIoM/1rXME1zgka9g6Q2lcoCkxHLuc7ODJ5BxbP5d4c2Z5cGgtXAku59200Cx7diuHTOYfSBD8n6mm8A==}
    engines: {node: '>=16 || 14 >=14.17'}

  mri@1.2.0:
    resolution: {integrity: sha512-tzzskb3bG8LvYGFF/mDTpq3jpI6Q9wc3LEmBaghu+DdCssd1FakN7Bc0hVNmEyGq1bq3RgfkCb3cmQLpNPOroA==}
    engines: {node: '>=4'}

  multiocular@0.8.3:
    resolution: {integrity: sha512-kOhHYiuAIhWLdCdUmPtpXMU2HR8M8Xg+ISOt6P2A/XhC5LuRd7KH61r3lGXS8pfQLqkf3BQ1ZndvlvrU3thGTg==}
    engines: {node: ^22.16.0 || >=24.0.0}
    hasBin: true

  nanoevents@9.1.0:
    resolution: {integrity: sha512-Jd0fILWG44a9luj8v5kED4WI+zfkkgwKyRQKItTtlPfEsh7Lznfi1kr8/iZ+XAIss4Qq5GqRB0qtWbaz9ceO/A==}
    engines: {node: ^18.0.0 || >=20.0.0}

  nanoid@5.1.11:
    resolution: {integrity: sha512-v+KEsUv2ps74PaSKv0gHTxTCgMXOIfBEbaqa6w6ISIGC7ZsvHN4N9oJ8d4cmf0n5oTzQz2SLmThbQWhjd/8eKg==}
    engines: {node: ^18 || >=20}
    hasBin: true

  nanospinner@1.2.2:
    resolution: {integrity: sha512-Zt/AmG6qRU3e+WnzGGLuMCEAO/dAu45stNbHY223tUxldaDAeE+FxSPsd9Q+j+paejmm0ZbrNVs5Sraqy3dRxA==}

  nanostores@1.3.0:
    resolution: {integrity: sha512-XPUa/jz+P1oJvN9VBxw4L9MtdFfaH3DAryqPssqhb2kXjmb9npz0dly6rCsgFWOPr4Yg9mTfM3MDZgZZ+7A3lA==}
    engines: {node: ^20.0.0 || >=22.0.0}

  nopt@1.0.10:
    resolution: {integrity: sha512-NWmpvLSqUrgrAC9HCuxEvb+PSloHpqVu+FqcO4eeF2h5qYRhA7ev6KvelyQAKtegUbC6RypJnlEOhd8vloNKYg==}
    hasBin: true

  normalize-path@3.0.0:
    resolution: {integrity: sha512-6eZs5Ls3WtCisHWp9S2GUy8dqkpGi4BVSz3GaqiE6ezub0512ESztXUwUB6C6IKbQkY2Pnb/mD4WYojCRwcwLA==}
    engines: {node: '>=0.10.0'}

  oxlint-tsgolint@0.23.0:
    resolution: {integrity: sha512-3mBv3CoPbh8dFbzfDGIWa2ytZjn2v+3EX4aKRXjIhsoGFzG8GCjfRirz3rwZf1wYbZzsNLTSgpw8VjQuWdp/jA==}
    hasBin: true

  oxlint@1.66.0:
    resolution: {integrity: sha512-N4LLxYLd94KEBqXDMDM5f+2PUpItTjDLreXe2Gn5KhjhCK4Qp2YUXaBi8Yu325ryOgKwt22m45fpD7nPOn69Yw==}
    engines: {node: ^20.19.0 || >=22.12.0}
    hasBin: true
    peerDependencies:
      oxlint-tsgolint: '>=0.22.1'
    peerDependenciesMeta:
      oxlint-tsgolint:
        optional: true

  path-scurry@2.0.2:
    resolution: {integrity: sha512-3O/iVVsJAPsOnpwWIeD+d6z/7PmqApyQePUtCndjatj/9I5LylHvt5qluFaBT3I5h3r1ejfR056c+FCv+NnNXg==}
    engines: {node: 18 || 20 || >=22}

  picocolors@1.1.1:
    resolution: {integrity: sha512-xceH2snhtb5M9liqDsmEw56le376mTZkEX/jEb/RxNFyegNul7eNslCXP9FDj/Lcu0X8KEyMceP2ntpaHrDEVA==}

  picomatch@4.0.4:
    resolution: {integrity: sha512-QP88BAKvMam/3NxH6vj2o21R6MjxZUAd6nlwAS/pnGvN9IVLocLHxGYIzFhg6fUQ+5th6P4dv4eW9jX3DSIj7A==}
    engines: {node: '>=12'}

  requireindex@1.2.0:
    resolution: {integrity: sha512-L9jEkOi3ASd9PYit2cwRfyppc9NoABujTP8/5gFcbERmo5jUoAKovIC3fsF17pkTnGsrByysqX+Kxd2OTNI1ww==}
    engines: {node: '>=0.10.5'}

  reusify@1.1.0:
    resolution: {integrity: sha512-g6QUff04oZpHs0eG5p83rFLhHeV00ug/Yf9nZM6fLeUrPguBTkTQOdpAWWspMh55TZfVQDPaN3NQJfbVRAxdIw==}
    engines: {iojs: '>=1.0.0', node: '>=0.10.0'}

  sade@1.8.1:
    resolution: {integrity: sha512-xal3CZX1Xlo/k4ApwCFrHVACi9fBqJ7V+mwhBsuf/1IOKbBy098Fex+Wa/5QMubw09pSZ/u8EY8PWgevJsXp1A==}
    engines: {node: '>=6'}

  safe-stable-stringify@2.5.0:
    resolution: {integrity: sha512-b3rppTKm9T+PsVCBEOUR46GWI7fdOs00VKZ1+9c1EWDaDMvjQc6tUwuFyIprgGgTcWoVHSKrU8H31ZHA2e0RHA==}
    engines: {node: '>=10'}

  semver@7.8.0:
    resolution: {integrity: sha512-AcM7dV/5ul4EekoQ29Agm5vri8JNqRyj39o0qpX6vDF2GZrtutZl5RwgD1XnZjiTAfncsJhMI48QQH3sN87YNA==}
    engines: {node: '>=10'}
    hasBin: true

  strip-ansi@6.0.1:
    resolution: {integrity: sha512-Y38VPSHcqkFrCpFnQ9vuSXmquuv5oXOKpGeT6aGrr3o3Gc9AlVa6JBfUSOCnbxGGZF+/0ooI7KrPuUSztUdU5A==}
    engines: {node: '>=8'}

  tinyexec@1.1.2:
    resolution: {integrity: sha512-dAqSqE/RabpBKI8+h26GfLq6Vb3JVXs30XYQjdMjaj/c2tS8IYYMbIzP599KtRj7c57/wYApb3QjgRgXmrCukA==}
    engines: {node: '>=18'}

  tinyglobby@0.2.16:
    resolution: {integrity: sha512-pn99VhoACYR8nFHhxqix+uvsbXineAasWm5ojXoN8xEwK5Kd3/TrhNn1wByuD52UxWRLy8pu+kRMniEi6Eq9Zg==}
    engines: {node: '>=12.0.0'}

  ts-json-schema-generator@2.9.0:
    resolution: {integrity: sha512-NR5ZE108uiPtBHBJNGnhwoUaUx5vWTDJzDFG9YlRoqxPU76n+5FClRh92dcGgysbe1smRmYalM9Saj97GW1J4Q==}
    engines: {node: '>=22.0.0'}
    hasBin: true

  tslib@2.8.1:
    resolution: {integrity: sha512-oJFu94HQb+KVduSUQL7wnpmqnfmLsOA/nAh6b6EH0wCEoK0/mPeXU6c3wKDV83MkOuHPRHtSXKKU99IBazS/2w==}

  tsx@4.22.3:
    resolution: {integrity: sha512-mdoNxBC/cSQObGGVQ5Bpn5i+yv7j68gk3Nfm3wFjcJg3Z0Mix9jzAFfP12prmm5eVGmDKtp0yyArrs0Q+8gZHg==}
    engines: {node: '>=18.0.0'}
    hasBin: true

  typescript@5.9.3:
    resolution: {integrity: sha512-jl1vZzPDinLr9eUt3J/t7V6FgNEw9QjvBPdysz9KfQDD41fQrC2Y4vKQdiaUpFT4bXlb1RHhLpp8wtm6M5TgSw==}
    engines: {node: '>=14.17'}
    hasBin: true

  typescript@6.0.3:
    resolution: {integrity: sha512-y2TvuxSZPDyQakkFRPZHKFm+KKVqIisdg9/CZwm9ftvKXLP8NRWj38/ODjNbr43SsoXqNuAisEf1GdCxqWcdBw==}
    engines: {node: '>=14.17'}
    hasBin: true

  url-pattern@1.0.3:
    resolution: {integrity: sha512-uQcEj/2puA4aq1R3A2+VNVBgaWYR24FdWjl7VNW83rnWftlhyzOZ/tBjezRiC2UkIzuxC8Top3IekN3vUf1WxA==}
    engines: {node: '>=0.12.0'}

  uvu@0.5.6:
    resolution: {integrity: sha512-+g8ENReyr8YsOc6fv/NVJs2vFdHBnBNdfE49rshrTzDWOlUx4Gq7KOS2GD8eqhy2j+Ejq29+SbKH8yjkAqXqoA==}
    engines: {node: '>=8'}
    hasBin: true

  ws@8.20.1:
    resolution: {integrity: sha512-It4dO0K5v//JtTXuPkfEOaI3uUN87iYPnqo/ZzqCoG3g8uhA66QUMs/SrM0YK7/NAu+r4LMh/9dq2A7k+rHs+w==}
    engines: {node: '>=10.0.0'}
    peerDependencies:
      bufferutil: ^4.0.1
      utf-8-validate: '>=5.0.2'
    peerDependenciesMeta:
      bufferutil:
        optional: true
      utf-8-validate:
        optional: true

  yaml@2.9.0:
    resolution: {integrity: sha512-2AvhNX3mb8zd6Zy7INTtSpl1F15HW6Wnqj0srWlkKLcpYl/gMIMJiyuGq2KeI2YFxUPjdlB+3Lc10seMLtL4cA==}
    engines: {node: '>= 14.6'}
    hasBin: true

snapshots:

  '@esbuild/aix-ppc64@0.28.0':
    optional: true

  '@esbuild/android-arm64@0.28.0':
    optional: true

  '@esbuild/android-arm@0.28.0':
    optional: true

  '@esbuild/android-x64@0.28.0':
    optional: true

  '@esbuild/darwin-arm64@0.28.0':
    optional: true

  '@esbuild/darwin-x64@0.28.0':
    optional: true

  '@esbuild/freebsd-arm64@0.28.0':
    optional: true

  '@esbuild/freebsd-x64@0.28.0':
    optional: true

  '@esbuild/linux-arm64@0.28.0':
    optional: true

  '@esbuild/linux-arm@0.28.0':
    optional: true

  '@esbuild/linux-ia32@0.28.0':
    optional: true

  '@esbuild/linux-loong64@0.28.0':
    optional: true

  '@esbuild/linux-mips64el@0.28.0':
    optional: true

  '@esbuild/linux-ppc64@0.28.0':
    optional: true

  '@esbuild/linux-riscv64@0.28.0':
    optional: true

  '@esbuild/linux-s390x@0.28.0':
    optional: true

  '@esbuild/linux-x64@0.28.0':
    optional: true

  '@esbuild/netbsd-arm64@0.28.0':
    optional: true

  '@esbuild/netbsd-x64@0.28.0':
    optional: true

  '@esbuild/openbsd-arm64@0.28.0':
    optional: true

  '@esbuild/openbsd-x64@0.28.0':
    optional: true

  '@esbuild/openharmony-arm64@0.28.0':
    optional: true

  '@esbuild/sunos-x64@0.28.0':
    optional: true

  '@esbuild/win32-arm64@0.28.0':
    optional: true

  '@esbuild/win32-ia32@0.28.0':
    optional: true

  '@esbuild/win32-x64@0.28.0':
    optional: true

  '@logux/actions@0.5.0(@logux/core@0.10.0)':
    dependencies:
      '@logux/core': 0.10.0

  '@logux/core@0.10.0':
    dependencies:
      nanoevents: 9.1.0

  '@logux/oxc-configs@0.4.0(oxlint-tsgolint@0.23.0)(oxlint@1.66.0(oxlint-tsgolint@0.23.0))(typescript@6.0.3)':
    dependencies:
      eslint-plugin-prefer-let: 4.2.2
      oxlint: 1.66.0(oxlint-tsgolint@0.23.0)
      oxlint-tsgolint: 0.23.0
      typescript: 6.0.3

  '@logux/server@0.14.0':
    dependencies:
      '@logux/actions': 0.5.0(@logux/core@0.10.0)
      '@logux/core': 0.10.0
      cookie: 1.1.1
      fastq: 1.20.1
      nanoevents: 9.1.0
      nanoid: 5.1.11
      tinyglobby: 0.2.16
      url-pattern: 1.0.3
      ws: 8.20.1
    transitivePeerDependencies:
      - bufferutil
      - utf-8-validate

  '@oxlint-tsgolint/darwin-arm64@0.23.0':
    optional: true

  '@oxlint-tsgolint/darwin-x64@0.23.0':
    optional: true

  '@oxlint-tsgolint/linux-arm64@0.23.0':
    optional: true

  '@oxlint-tsgolint/linux-x64@0.23.0':
    optional: true

  '@oxlint-tsgolint/win32-arm64@0.23.0':
    optional: true

  '@oxlint-tsgolint/win32-x64@0.23.0':
    optional: true

  '@oxlint/binding-android-arm-eabi@1.66.0':
    optional: true

  '@oxlint/binding-android-arm64@1.66.0':
    optional: true

  '@oxlint/binding-darwin-arm64@1.66.0':
    optional: true

  '@oxlint/binding-darwin-x64@1.66.0':
    optional: true

  '@oxlint/binding-freebsd-x64@1.66.0':
    optional: true

  '@oxlint/binding-linux-arm-gnueabihf@1.66.0':
    optional: true

  '@oxlint/binding-linux-arm-musleabihf@1.66.0':
    optional: true

  '@oxlint/binding-linux-arm64-gnu@1.66.0':
    optional: true

  '@oxlint/binding-linux-arm64-musl@1.66.0':
    optional: true

  '@oxlint/binding-linux-ppc64-gnu@1.66.0':
    optional: true

  '@oxlint/binding-linux-riscv64-gnu@1.66.0':
    optional: true

  '@oxlint/binding-linux-riscv64-musl@1.66.0':
    optional: true

  '@oxlint/binding-linux-s390x-gnu@1.66.0':
    optional: true

  '@oxlint/binding-linux-x64-gnu@1.66.0':
    optional: true

  '@oxlint/binding-linux-x64-musl@1.66.0':
    optional: true

  '@oxlint/binding-openharmony-arm64@1.66.0':
    optional: true

  '@oxlint/binding-win32-arm64-msvc@1.66.0':
    optional: true

  '@oxlint/binding-win32-ia32-msvc@1.66.0':
    optional: true

  '@oxlint/binding-win32-x64-msvc@1.66.0':
    optional: true

  '@profoundlogic/hogan@3.0.4':
    dependencies:
      nopt: 1.0.10

  '@types/json-schema@7.0.15': {}

  '@types/trusted-types@2.0.7':
    optional: true

  abbrev@1.1.1: {}

  actions-up@1.14.1:
    dependencies:
      cac: 7.0.0
      enquirer: 2.4.1
      nanospinner: 1.2.2
      picocolors: 1.1.1
      semver: 7.8.0
      yaml: 2.9.0

  ansi-colors@4.1.3: {}

  ansi-regex@5.0.1: {}

  balanced-match@4.0.4: {}

  brace-expansion@5.0.6:
    dependencies:
      balanced-match: 4.0.4

  cac@7.0.0: {}

  commander@14.0.3: {}

  cookie@1.1.1: {}

  dequal@2.0.3: {}

  diff2html@3.4.56:
    dependencies:
      '@profoundlogic/hogan': 3.0.4
      diff: 8.0.4
    optionalDependencies:
      highlight.js: 11.11.1

  diff@5.2.2: {}

  diff@8.0.4: {}

  dompurify@3.4.5:
    optionalDependencies:
      '@types/trusted-types': 2.0.7

  enquirer@2.4.1:
    dependencies:
      ansi-colors: 4.1.3
      strip-ansi: 6.0.1

  esbuild@0.28.0:
    optionalDependencies:
      '@esbuild/aix-ppc64': 0.28.0
      '@esbuild/android-arm': 0.28.0
      '@esbuild/android-arm64': 0.28.0
      '@esbuild/android-x64': 0.28.0
      '@esbuild/darwin-arm64': 0.28.0
      '@esbuild/darwin-x64': 0.28.0
      '@esbuild/freebsd-arm64': 0.28.0
      '@esbuild/freebsd-x64': 0.28.0
      '@esbuild/linux-arm': 0.28.0
      '@esbuild/linux-arm64': 0.28.0
      '@esbuild/linux-ia32': 0.28.0
      '@esbuild/linux-loong64': 0.28.0
      '@esbuild/linux-mips64el': 0.28.0
      '@esbuild/linux-ppc64': 0.28.0
      '@esbuild/linux-riscv64': 0.28.0
      '@esbuild/linux-s390x': 0.28.0
      '@esbuild/linux-x64': 0.28.0
      '@esbuild/netbsd-arm64': 0.28.0
      '@esbuild/netbsd-x64': 0.28.0
      '@esbuild/openbsd-arm64': 0.28.0
      '@esbuild/openbsd-x64': 0.28.0
      '@esbuild/openharmony-arm64': 0.28.0
      '@esbuild/sunos-x64': 0.28.0
      '@esbuild/win32-arm64': 0.28.0
      '@esbuild/win32-ia32': 0.28.0
      '@esbuild/win32-x64': 0.28.0

  eslint-plugin-prefer-let@4.2.2:
    dependencies:
      requireindex: 1.2.0

  fastq@1.20.1:
    dependencies:
      reusify: 1.1.0

  fdir@6.5.0(picomatch@4.0.4):
    optionalDependencies:
      picomatch: 4.0.4

  fsevents@2.3.3:
    optional: true

  glob@13.0.6:
    dependencies:
      minimatch: 10.2.5
      minipass: 7.1.3
      path-scurry: 2.0.2

  highlight.js@11.11.1: {}

  json5@2.2.3: {}

  kleur@4.1.5: {}

  lilconfig@3.1.3: {}

  lru-cache@11.5.0: {}

  marked@18.0.4: {}

  minimatch@10.2.5:
    dependencies:
      brace-expansion: 5.0.6

  minipass@7.1.3: {}

  mri@1.2.0: {}

  multiocular@0.8.3:
    dependencies:
      '@logux/server': 0.14.0
      diff2html: 3.4.56
      dompurify: 3.4.5
      highlight.js: 11.11.1
      marked: 18.0.4
      nanostores: 1.3.0
      yaml: 2.9.0
    transitivePeerDependencies:
      - bufferutil
      - utf-8-validate

  nanoevents@9.1.0: {}

  nanoid@5.1.11: {}

  nanospinner@1.2.2:
    dependencies:
      picocolors: 1.1.1

  nanostores@1.3.0: {}

  nopt@1.0.10:
    dependencies:
      abbrev: 1.1.1

  normalize-path@3.0.0: {}

  oxlint-tsgolint@0.23.0:
    optionalDependencies:
      '@oxlint-tsgolint/darwin-arm64': 0.23.0
      '@oxlint-tsgolint/darwin-x64': 0.23.0
      '@oxlint-tsgolint/linux-arm64': 0.23.0
      '@oxlint-tsgolint/linux-x64': 0.23.0
      '@oxlint-tsgolint/win32-arm64': 0.23.0
      '@oxlint-tsgolint/win32-x64': 0.23.0

  oxlint@1.66.0(oxlint-tsgolint@0.23.0):
    optionalDependencies:
      '@oxlint/binding-android-arm-eabi': 1.66.0
      '@oxlint/binding-android-arm64': 1.66.0
      '@oxlint/binding-darwin-arm64': 1.66.0
      '@oxlint/binding-darwin-x64': 1.66.0
      '@oxlint/binding-freebsd-x64': 1.66.0
      '@oxlint/binding-linux-arm-gnueabihf': 1.66.0
      '@oxlint/binding-linux-arm-musleabihf': 1.66.0
      '@oxlint/binding-linux-arm64-gnu': 1.66.0
      '@oxlint/binding-linux-arm64-musl': 1.66.0
      '@oxlint/binding-linux-ppc64-gnu': 1.66.0
      '@oxlint/binding-linux-riscv64-gnu': 1.66.0
      '@oxlint/binding-linux-riscv64-musl': 1.66.0
      '@oxlint/binding-linux-s390x-gnu': 1.66.0
      '@oxlint/binding-linux-x64-gnu': 1.66.0
      '@oxlint/binding-linux-x64-musl': 1.66.0
      '@oxlint/binding-openharmony-arm64': 1.66.0
      '@oxlint/binding-win32-arm64-msvc': 1.66.0
      '@oxlint/binding-win32-ia32-msvc': 1.66.0
      '@oxlint/binding-win32-x64-msvc': 1.66.0
      oxlint-tsgolint: 0.23.0

  path-scurry@2.0.2:
    dependencies:
      lru-cache: 11.5.0
      minipass: 7.1.3

  picocolors@1.1.1: {}

  picomatch@4.0.4: {}

  requireindex@1.2.0: {}

  reusify@1.1.0: {}

  sade@1.8.1:
    dependencies:
      mri: 1.2.0

  safe-stable-stringify@2.5.0: {}

  semver@7.8.0: {}

  strip-ansi@6.0.1:
    dependencies:
      ansi-regex: 5.0.1

  tinyexec@1.1.2: {}

  tinyglobby@0.2.16:
    dependencies:
      fdir: 6.5.0(picomatch@4.0.4)
      picomatch: 4.0.4

  ts-json-schema-generator@2.9.0:
    dependencies:
      '@types/json-schema': 7.0.15
      commander: 14.0.3
      glob: 13.0.6
      json5: 2.2.3
      normalize-path: 3.0.0
      safe-stable-stringify: 2.5.0
      tslib: 2.8.1
      typescript: 5.9.3

  tslib@2.8.1: {}

  tsx@4.22.3:
    dependencies:
      esbuild: 0.28.0
    optionalDependencies:
      fsevents: 2.3.3

  typescript@5.9.3: {}

  typescript@6.0.3: {}

  url-pattern@1.0.3: {}

  uvu@0.5.6:
    dependencies:
      dequal: 2.0.3
      diff: 5.2.2
      kleur: 4.1.5
      sade: 1.8.1

  ws@8.20.1: {}

  yaml@2.9.0: {}
