lockfileVersion: 5.3

specifiers:
  nanoevents: ^6.0.2
  nanoid: ^3.2.0

dependencies:
  nanoevents: 6.0.2

devDependencies:
  nanoid: 3.2.0

packages:

  /nanoevents/6.0.2:
    resolution: {integrity: sha512-FRS2otuFcPPYDPYViNWQ42+1iZqbXydinkRHTHFxrF4a1CpBfmydR9zkI44WSXAXCyPrkcGtPk5CnpW6Y3lFKQ==}
    engines: {node: ^12.0.0 || ^14.0.0 || >=16.0.0}
    dev: false

  /nanoid/3.2.0:
    resolution: {integrity: sha512-fmsZYa9lpn69Ad5eDn7FMcnnSR+8R34W9qJEijxYhTbfOWzr22n1QxCMzXLK+ODyW2973V3Fux959iQoUxzUIA==}
    engines: {node: ^10 || ^12 || ^13.7 || ^14 || >=15.0.1}
    hasBin: true
    dev: true
